
Microsoft Visual Studio Solution File, Format Version 12.00
# Visual Studio Version 16
VisualStudioVersion = 16.0.30523.141
MinimumVisualStudioVersion = 10.0.40219.1
Project("{FAE04EC0-301F-11D3-BF4B-00C04F79EFBC}") = "Dénombrement", "Dénombrement.csproj", "{35209073-53DD-4361-B325-D4229F4D67F8}"
EndProject
Global
	GlobalSection(SolutionConfigurationPlatforms) = preSolution
		Debug|Any CPU = Debug|Any CPU
		Release|Any CPU = Release|Any CPU
	EndGlobalSection
	GlobalSection(ProjectConfigurationPlatforms) = postSolution
		{35209073-53DD-4361-B325-D4229F4D67F8}.Debug|Any CPU.ActiveCfg = Debug|Any CPU
		{35209073-53DD-4361-B325-D4229F4D67F8}.Debug|Any CPU.Build.0 = Debug|Any CPU
		{35209073-53DD-4361-B325-D4229F4D67F8}.Release|Any CPU.ActiveCfg = Release|Any CPU
		{35209073-53DD-4361-B325-D4229F4D67F8}.Release|Any CPU.Build.0 = Release|Any CPU
	EndGlobalSection
	GlobalSection(SolutionProperties) = preSolution
		HideSolutionNode = FALSE
	EndGlobalSection
	GlobalSection(ExtensibilityGlobals) = postSolution
		SolutionGuid = {5CA8007F-A868-4414-AA82-B942EC3F64C6}
	EndGlobalSection
EndGlobal
